
Microsoft Visual Studio Solution File, Format Version 12.00
# Visual Studio 2013
VisualStudioVersion = 12.0.31101.0
MinimumVisualStudioVersion = 10.0.40219.1
Project("{8BC9CEB8-8B4A-11D0-8D11-00A0C91BC942}") = "Карьера программиста", "Проект по решению задач\Проект по решению задач.vcxproj", "{C1D6268C-FBFA-44E3-BA18-277B1FAED918}"
EndProject
Project("{8BC9CEB8-8B4A-11D0-8D11-00A0C91BC942}") = "ПростоЗадачи", "ПростоЗадачи\ПростоЗадачи.vcxproj", "{8E50AF0C-199E-4A74-B152-C7BC0DA3886E}"
EndProject
Project("{8BC9CEB8-8B4A-11D0-8D11-00A0C91BC942}") = "Олимпиадные задачи", "Олимпиадные задачи\Олимпиадные задачи.vcxproj", "{9FB4C160-489E-472C-BA17-47C6663EB79F}"
EndProject
Global
	GlobalSection(SolutionConfigurationPlatforms) = preSolution
		Debug|Win32 = Debug|Win32
		Release|Win32 = Release|Win32
	EndGlobalSection
	GlobalSection(ProjectConfigurationPlatforms) = postSolution
		{C1D6268C-FBFA-44E3-BA18-277B1FAED918}.Debug|Win32.ActiveCfg = Debug|Win32
		{C1D6268C-FBFA-44E3-BA18-277B1FAED918}.Debug|Win32.Build.0 = Debug|Win32
		{C1D6268C-FBFA-44E3-BA18-277B1FAED918}.Release|Win32.ActiveCfg = Release|Win32
		{C1D6268C-FBFA-44E3-BA18-277B1FAED918}.Release|Win32.Build.0 = Release|Win32
		{8E50AF0C-199E-4A74-B152-C7BC0DA3886E}.Debug|Win32.ActiveCfg = Debug|Win32
		{8E50AF0C-199E-4A74-B152-C7BC0DA3886E}.Debug|Win32.Build.0 = Debug|Win32
		{8E50AF0C-199E-4A74-B152-C7BC0DA3886E}.Release|Win32.ActiveCfg = Release|Win32
		{8E50AF0C-199E-4A74-B152-C7BC0DA3886E}.Release|Win32.Build.0 = Release|Win32
		{9FB4C160-489E-472C-BA17-47C6663EB79F}.Debug|Win32.ActiveCfg = Debug|Win32
		{9FB4C160-489E-472C-BA17-47C6663EB79F}.Debug|Win32.Build.0 = Debug|Win32
		{9FB4C160-489E-472C-BA17-47C6663EB79F}.Release|Win32.ActiveCfg = Release|Win32
		{9FB4C160-489E-472C-BA17-47C6663EB79F}.Release|Win32.Build.0 = Release|Win32
	EndGlobalSection
	GlobalSection(SolutionProperties) = preSolution
		HideSolutionNode = FALSE
	EndGlobalSection
EndGlobal
